
Microsoft Visual Studio Solution File, Format Version 12.00
# Visual Studio 15
VisualStudioVersion = 15.0.26124.0
MinimumVisualStudioVersion = 15.0.26124.0
Project("{FAE04EC0-301F-11D3-BF4B-00C04F79EFBC}") = "Pomodoro.Api", "Pomodoro.Api\Pomodoro.Api.csproj", "{6FA9B493-6CCA-4251-B522-1753BFC4043F}"
EndProject
Project("{FAE04EC0-301F-11D3-BF4B-00C04F79EFBC}") = "Pomodoro.Api.Tests", "Pomodoro.Api.Tests\Pomodoro.Api.Tests.csproj", "{4BFB7D7E-AE3C-4767-ADB2-5D5C9D575CCF}"
EndProject
Global
	GlobalSection(SolutionConfigurationPlatforms) = preSolution
		Debug|Any CPU = Debug|Any CPU
		Debug|x64 = Debug|x64
		Debug|x86 = Debug|x86
		Release|Any CPU = Release|Any CPU
		Release|x64 = Release|x64
		Release|x86 = Release|x86
	EndGlobalSection
	GlobalSection(SolutionProperties) = preSolution
		HideSolutionNode = FALSE
	EndGlobalSection
	GlobalSection(ProjectConfigurationPlatforms) = postSolution
		{6FA9B493-6CCA-4251-B522-1753BFC4043F}.Debug|Any CPU.ActiveCfg = Debug|Any CPU
		{6FA9B493-6CCA-4251-B522-1753BFC4043F}.Debug|Any CPU.Build.0 = Debug|Any CPU
		{6FA9B493-6CCA-4251-B522-1753BFC4043F}.Debug|x64.ActiveCfg = Debug|Any CPU
		{6FA9B493-6CCA-4251-B522-1753BFC4043F}.Debug|x64.Build.0 = Debug|Any CPU
		{6FA9B493-6CCA-4251-B522-1753BFC4043F}.Debug|x86.ActiveCfg = Debug|Any CPU
		{6FA9B493-6CCA-4251-B522-1753BFC4043F}.Debug|x86.Build.0 = Debug|Any CPU
		{6FA9B493-6CCA-4251-B522-1753BFC4043F}.Release|Any CPU.ActiveCfg = Release|Any CPU
		{6FA9B493-6CCA-4251-B522-1753BFC4043F}.Release|Any CPU.Build.0 = Release|Any CPU
		{6FA9B493-6CCA-4251-B522-1753BFC4043F}.Release|x64.ActiveCfg = Release|Any CPU
		{6FA9B493-6CCA-4251-B522-1753BFC4043F}.Release|x64.Build.0 = Release|Any CPU
		{6FA9B493-6CCA-4251-B522-1753BFC4043F}.Release|x86.ActiveCfg = Release|Any CPU
		{6FA9B493-6CCA-4251-B522-1753BFC4043F}.Release|x86.Build.0 = Release|Any CPU
		{4BFB7D7E-AE3C-4767-ADB2-5D5C9D575CCF}.Debug|Any CPU.ActiveCfg = Debug|Any CPU
		{4BFB7D7E-AE3C-4767-ADB2-5D5C9D575CCF}.Debug|Any CPU.Build.0 = Debug|Any CPU
		{4BFB7D7E-AE3C-4767-ADB2-5D5C9D575CCF}.Debug|x64.ActiveCfg = Debug|Any CPU
		{4BFB7D7E-AE3C-4767-ADB2-5D5C9D575CCF}.Debug|x64.Build.0 = Debug|Any CPU
		{4BFB7D7E-AE3C-4767-ADB2-5D5C9D575CCF}.Debug|x86.ActiveCfg = Debug|Any CPU
		{4BFB7D7E-AE3C-4767-ADB2-5D5C9D575CCF}.Debug|x86.Build.0 = Debug|Any CPU
		{4BFB7D7E-AE3C-4767-ADB2-5D5C9D575CCF}.Release|Any CPU.ActiveCfg = Release|Any CPU
		{4BFB7D7E-AE3C-4767-ADB2-5D5C9D575CCF}.Release|Any CPU.Build.0 = Release|Any CPU
		{4BFB7D7E-AE3C-4767-ADB2-5D5C9D575CCF}.Release|x64.ActiveCfg = Release|Any CPU
		{4BFB7D7E-AE3C-4767-ADB2-5D5C9D575CCF}.Release|x64.Build.0 = Release|Any CPU
		{4BFB7D7E-AE3C-4767-ADB2-5D5C9D575CCF}.Release|x86.ActiveCfg = Release|Any CPU
		{4BFB7D7E-AE3C-4767-ADB2-5D5C9D575CCF}.Release|x86.Build.0 = Release|Any CPU
	EndGlobalSection
EndGlobal
